
Microsoft Visual Studio Solution File, Format Version 10.00
# Visual Studio 2008
Project("{E24C65DC-7377-472B-9ABA-BC803B73C61A}") = "CrystalReportViewer", "..\..\WebSites\CrystalReportViewer", "{0FBE4077-F41C-460F-9B1A-4DD169E14FF4}"
	ProjectSection(WebsiteProperties) = preProject
		SccProjectName = ""
		SccAuxPath = ""
		SccLocalPath = ""
		SccProvider = ""
		TargetFramework = "3.5"
		Debug.AspNetCompiler.VirtualPath = "/CrystalReportViewer"
		Debug.AspNetCompiler.PhysicalPath = "..\..\WebSites\CrystalReportViewer\"
		Debug.AspNetCompiler.TargetPath = "PrecompiledWeb\CrystalReportViewer\"
		Debug.AspNetCompiler.Updateable = "true"
		Debug.AspNetCompiler.ForceOverwrite = "true"
		Debug.AspNetCompiler.FixedNames = "false"
		Debug.AspNetCompiler.Debug = "True"
		Release.AspNetCompiler.VirtualPath = "/CrystalReportViewer"
		Release.AspNetCompiler.PhysicalPath = "..\..\WebSites\CrystalReportViewer\"
		Release.AspNetCompiler.TargetPath = "PrecompiledWeb\CrystalReportViewer\"
		Release.AspNetCompiler.Updateable = "true"
		Release.AspNetCompiler.ForceOverwrite = "true"
		Release.AspNetCompiler.FixedNames = "false"
		Release.AspNetCompiler.Debug = "False"
		VWDPort = "3092"
		DefaultWebSiteLanguage = "Visual C#"
	EndProjectSection
EndProject
Project("{54435603-DBB4-11D2-8724-00A0C9A8B90C}") = "CRXIWebServer", "WebSetup1\WebSetup1.vdproj", "{A9342027-751B-463E-BD6F-48EFC8DF5229}"
EndProject
Global
	GlobalSection(SolutionConfigurationPlatforms) = preSolution
		Debug|.NET = Debug|.NET
		Release|.NET = Release|.NET
	EndGlobalSection
	GlobalSection(ProjectConfigurationPlatforms) = postSolution
		{0FBE4077-F41C-460F-9B1A-4DD169E14FF4}.Debug|.NET.ActiveCfg = Debug|.NET
		{0FBE4077-F41C-460F-9B1A-4DD169E14FF4}.Debug|.NET.Build.0 = Debug|.NET
		{0FBE4077-F41C-460F-9B1A-4DD169E14FF4}.Release|.NET.ActiveCfg = Debug|.NET
		{0FBE4077-F41C-460F-9B1A-4DD169E14FF4}.Release|.NET.Build.0 = Debug|.NET
		{A9342027-751B-463E-BD6F-48EFC8DF5229}.Debug|.NET.ActiveCfg = Debug
		{A9342027-751B-463E-BD6F-48EFC8DF5229}.Debug|.NET.Build.0 = Debug
		{A9342027-751B-463E-BD6F-48EFC8DF5229}.Release|.NET.ActiveCfg = Release
	EndGlobalSection
	GlobalSection(SolutionProperties) = preSolution
		HideSolutionNode = FALSE
	EndGlobalSection
EndGlobal
